{
  "name": "browser-calls-django",
  "version": "1.0.0",
  "lockfileVersion": 1,
  "requires": true,
  "dependencies": {
    "@twilio/audioplayer": {
      "version": "1.0.6",
      "resolved": "https://registry.npmjs.org/@twilio/audioplayer/-/audioplayer-1.0.6.tgz",
      "integrity": "sha512-c9cjX/ifICgXqShtyAQdVMqfe7odnxougiuRMXBJtn3dZ320mFdt7kmuKedpNnc3ZJ6irOZ9M9MZi9/vuEqHiw==",
      "requires": {
        "babel-runtime": "^6.26.0"
      }
    },
    "@twilio/voice-errors": {
      "version": "1.0.1",
      "resolved": "https://registry.npmjs.org/@twilio/voice-errors/-/voice-errors-1.0.1.tgz",
      "integrity": "sha512-iXzCuiOhNMhrr8DVjRRzI14YwGUIBM83kWSWcDktxmXim0Tz9xoCth4QFAQcMkNL2h9DlfXlob6noH+3h2iA4A=="
    },
    "async-limiter": {
      "version": "1.0.1",
      "resolved": "https://registry.npmjs.org/async-limiter/-/async-limiter-1.0.1.tgz",
      "integrity": "sha512-csOlWGAcRFJaI6m+F2WKdnMKr4HhdhFVBk0H/QbJFMCr+uO2kwohwXQPxw/9OCxp05r5ghVBFSyioixx3gfkNQ=="
    },
    "babel-runtime": {
      "version": "6.26.0",
      "resolved": "https://registry.npmjs.org/babel-runtime/-/babel-runtime-6.26.0.tgz",
      "integrity": "sha1-llxwWGaOgrVde/4E/yM3vItWR/4=",
      "requires": {
        "core-js": "^2.4.0",
        "regenerator-runtime": "^0.11.0"
      }
    },
    "backoff": {
      "version": "2.5.0",
      "resolved": "https://registry.npmjs.org/backoff/-/backoff-2.5.0.tgz",
      "integrity": "sha1-9hbtqdPktmuMp/ynn2lXIsX44m8=",
      "requires": {
        "precond": "0.2"
      }
    },
    "core-js": {
      "version": "2.6.11",
      "resolved": "https://registry.npmjs.org/core-js/-/core-js-2.6.11.tgz",
      "integrity": "sha512-5wjnpaT/3dV+XB4borEsnAYQchn00XSgTAWKDkEqv+K8KevjbzmofK6hfJ9TZIlpj2N0xQpazy7PiRQiWHqzWg=="
    },
    "jquery": {
      "version": "3.5.1",
      "resolved": "https://registry.npmjs.org/jquery/-/jquery-3.5.1.tgz",
      "integrity": "sha512-XwIBPqcMn57FxfT+Go5pzySnm4KWkT1Tv7gjrpT1srtf8Weynl6R273VJ5GjkRb51IzMp5nbaPjJXMWeju2MKg=="
    },
    "loglevel": {
      "version": "1.6.7",
      "resolved": "https://registry.npmjs.org/loglevel/-/loglevel-1.6.7.tgz",
      "integrity": "sha512-cY2eLFrQSAfVPhCgH1s7JI73tMbg9YC3v3+ZHVW67sBS7UxWzNEk/ZBbSfLykBWHp33dqqtOv82gjhKEi81T/A=="
    },
    "precond": {
      "version": "0.2.3",
      "resolved": "https://registry.npmjs.org/precond/-/precond-0.2.3.tgz",
      "integrity": "sha1-qpWRvKokkj8eD0hJ0kD0fvwQdaw="
    },
    "regenerator-runtime": {
      "version": "0.11.1",
      "resolved": "https://registry.npmjs.org/regenerator-runtime/-/regenerator-runtime-0.11.1.tgz",
      "integrity": "sha512-MguG95oij0fC3QV3URf4V2SDYGJhJnJGqvIIgdECeODCT98wSWDAJ94SSuVpYQUoTcGUIL6L4yNB7j1DFFHSBg=="
    },
    "rtcpeerconnection-shim": {
      "version": "1.2.8",
      "resolved": "https://registry.npmjs.org/rtcpeerconnection-shim/-/rtcpeerconnection-shim-1.2.8.tgz",
      "integrity": "sha512-5Sx90FGru1sQw9aGOM+kHU4i6mbP8eJPgxliu2X3Syhg8qgDybx8dpDTxUwfJvPnubXFnZeRNl59DWr4AttJKQ==",
      "requires": {
        "sdp": "^2.6.0"
      }
    },
    "sdp": {
      "version": "2.12.0",
      "resolved": "https://registry.npmjs.org/sdp/-/sdp-2.12.0.tgz",
      "integrity": "sha512-jhXqQAQVM+8Xj5EjJGVweuEzgtGWb3tmEEpl3CLP3cStInSbVHSg0QWOGQzNq8pSID4JkpeV2mPqlMDLrm0/Vw=="
    },
    "twilio-client": {
      "version": "1.10.2",
      "resolved": "https://registry.npmjs.org/twilio-client/-/twilio-client-1.10.2.tgz",
      "integrity": "sha512-EQM8Szg+QAoNL45ne+rxhPad4BEIiR88n7EqZXV9V2LnF/kiwe2LrvPbyPDGf+0J6vIrLa3f4yujsttu4h0wfQ==",
      "requires": {
        "@twilio/audioplayer": "1.0.6",
        "@twilio/voice-errors": "1.0.1",
        "backoff": "2.5.0",
        "loglevel": "1.6.7",
        "rtcpeerconnection-shim": "1.2.8",
        "ws": "6.1.3",
        "xmlhttprequest": "1.8.0"
      }
    },
    "ws": {
      "version": "6.1.3",
      "resolved": "https://registry.npmjs.org/ws/-/ws-6.1.3.tgz",
      "integrity": "sha512-tbSxiT+qJI223AP4iLfQbkbxkwdFcneYinM2+x46Gx2wgvbaOMO36czfdfVUBRTHvzAMRhDd98sA5d/BuWbQdg==",
      "requires": {
        "async-limiter": "~1.0.0"
      }
    },
    "xmlhttprequest": {
      "version": "1.8.0",
      "resolved": "https://registry.npmjs.org/xmlhttprequest/-/xmlhttprequest-1.8.0.tgz",
      "integrity": "sha1-Z/4HXFwk/vOfnWX197f+dRcZaPw="
    }
  }
}
